
Microsoft Visual Studio Solution File, Format Version 12.00
# Visual Studio Version 16
VisualStudioVersion = 16.0.31702.278
MinimumVisualStudioVersion = 10.0.40219.1
Project("{FAE04EC0-301F-11D3-BF4B-00C04F79EFBC}") = "3x_plus_1", "3x_plus_1\3x_plus_1.csproj", "{A04B7122-A268-4FF9-849E-DD3E54876910}"
EndProject
Global
	GlobalSection(SolutionConfigurationPlatforms) = preSolution
		Debug|Any CPU = Debug|Any CPU
		Release|Any CPU = Release|Any CPU
	EndGlobalSection
	GlobalSection(ProjectConfigurationPlatforms) = postSolution
		{A04B7122-A268-4FF9-849E-DD3E54876910}.Debug|Any CPU.ActiveCfg = Debug|Any CPU
		{A04B7122-A268-4FF9-849E-DD3E54876910}.Debug|Any CPU.Build.0 = Debug|Any CPU
		{A04B7122-A268-4FF9-849E-DD3E54876910}.Release|Any CPU.ActiveCfg = Release|Any CPU
		{A04B7122-A268-4FF9-849E-DD3E54876910}.Release|Any CPU.Build.0 = Release|Any CPU
	EndGlobalSection
	GlobalSection(SolutionProperties) = preSolution
		HideSolutionNode = FALSE
	EndGlobalSection
	GlobalSection(ExtensibilityGlobals) = postSolution
		SolutionGuid = {3260D0B8-978C-40A9-A209-B15B849DA780}
	EndGlobalSection
EndGlobal
